PODS:
  - Alamofire (2.0.1)
  - Kanna (1.0.0)
  - Kingfisher (1.6.0)
  - PageMenu (1.2.8)
  - Refresher (0.2.0)
  - SlideMenuControllerSwift (2.0.0)
  - SnapKit (0.14.0)
  - SwiftHTTP (1.0.0)
  - SwiftyJSON (2.3.0)

DEPENDENCIES:
  - Alamofire
  - Kanna
  - Kingfisher
  - PageMenu
  - Refresher
  - SlideMenuControllerSwift
  - SnapKit
  - SwiftHTTP
  - SwiftyJSON

SPEC CHECKSUMS:
  Alamofire: 1d8e208d616fbbfd2391b15eae766d07c96cdc49
  Kanna: 92799095ecb17b85ac2444bb5c8ce6394a137adb
  Kingfisher: 3308d487e5c2a0fba9c1054fc3b8c45923e03c40
  PageMenu: 703e82e173f54a4626ab88fcdca7703ee52e0cbe
  Refresher: 6046b197b012d1f1919d77bc94443bf64eb3615c
  SlideMenuControllerSwift: 85ce7142935a32e26de41aa90fac0cc9f60fb01c
  SnapKit: f42352ef34953866da0de1e1009c2ff82588a95e
  SwiftHTTP: 9cc47717bb09f60ee842f998b50bdad50c842c4c
  SwiftyJSON: 8d6b61a70277ef2a5d710d372e06e7e2d87fb9e4

COCOAPODS: 0.37.2
